
Microsoft Visual Studio Solution File, Format Version 12.00
# Visual Studio Version 18
VisualStudioVersion = 18.0.11205.157
MinimumVisualStudioVersion = 10.0.40219.1
Project("{2150E333-8FDC-42A3-9474-1A3956D46DE8}") = "src", "src", "{6FB37B83-4A79-4C77-AE0E-30B5245FBF91}"
	ProjectSection(SolutionItems) = preProject
		src\Extensions.cs = src\Extensions.cs
		src\Program.cs = src\Program.cs
	EndProjectSection
EndProject
Project("{2150E333-8FDC-42A3-9474-1A3956D46DE8}") = "Controllers", "Controllers", "{CCD9FD40-A0CE-4836-A674-9EF4D4D21600}"
	ProjectSection(SolutionItems) = preProject
		src\Controllers\AccessCodeController.cs = src\Controllers\AccessCodeController.cs
		src\Controllers\AssemblyAttributeController.cs = src\Controllers\AssemblyAttributeController.cs
		src\Controllers\AssemblyController.cs = src\Controllers\AssemblyController.cs
		src\Controllers\LoginController.cs = src\Controllers\LoginController.cs
		src\Controllers\ProjectServiceController.cs = src\Controllers\ProjectServiceController.cs
		src\Controllers\ServiceController.cs = src\Controllers\ServiceController.cs
		src\Controllers\TranslationDictionaryController.cs = src\Controllers\TranslationDictionaryController.cs
	EndProjectSection
EndProject
Project("{2150E333-8FDC-42A3-9474-1A3956D46DE8}") = "Auth", "Auth", "{60806BEC-8D59-4CA0-85FC-EDF23E262230}"
	ProjectSection(SolutionItems) = preProject
		src\Auth\Authorize.cs = src\Auth\Authorize.cs
		src\Auth\AuthorizeFilter.cs = src\Auth\AuthorizeFilter.cs
		src\Auth\AuthorizeToken.cs = src\Auth\AuthorizeToken.cs
	EndProjectSection
EndProject
Project("{2150E333-8FDC-42A3-9474-1A3956D46DE8}") = "솔루션 항목", "솔루션 항목", "{B021CFFB-2B48-4714-9AFB-BC653F44C5D6}"
	ProjectSection(SolutionItems) = preProject
		.gitignore = .gitignore
		license = license
		README.md = README.md
	EndProjectSection
EndProject
Project("{2150E333-8FDC-42A3-9474-1A3956D46DE8}") = ".github", ".github", "{4B9E71C4-F9DE-445A-8C8B-CB1DF2D40778}"
EndProject
Project("{2150E333-8FDC-42A3-9474-1A3956D46DE8}") = "workflows", "workflows", "{DB869435-5F91-4CE2-981F-3EFC20A4A64A}"
	ProjectSection(SolutionItems) = preProject
		.github\workflows\build_10.0.yml = .github\workflows\build_10.0.yml
	EndProjectSection
EndProject
Project("{FAE04EC0-301F-11D3-BF4B-00C04F79EFBC}") = "MetaFrm.ApiServer(net10.0)", "MetaFrm.ApiServer(net10.0)\MetaFrm.ApiServer(net10.0).csproj", "{1819D2FD-E257-A012-39FB-A580BBEC4AC9}"
EndProject
Project("{2150E333-8FDC-42A3-9474-1A3956D46DE8}") = "V1", "V1", "{EF80E76E-2A88-47B8-A28E-471A9FDDE3C3}"
	ProjectSection(SolutionItems) = preProject
		src\Controllers\V1\AccessCodeController.cs = src\Controllers\V1\AccessCodeController.cs
		src\Controllers\V1\AssemblyAttributeController.cs = src\Controllers\V1\AssemblyAttributeController.cs
		src\Controllers\V1\AssemblyController.cs = src\Controllers\V1\AssemblyController.cs
		src\Controllers\V1\LoginController.cs = src\Controllers\V1\LoginController.cs
		src\Controllers\V1\ProjectServiceController.cs = src\Controllers\V1\ProjectServiceController.cs
		src\Controllers\V1\ServiceController.cs = src\Controllers\V1\ServiceController.cs
		src\Controllers\V1\TranslationDictionaryController.cs = src\Controllers\V1\TranslationDictionaryController.cs
	EndProjectSection
EndProject
Global
	GlobalSection(SolutionConfigurationPlatforms) = preSolution
		Debug|Any CPU = Debug|Any CPU
		Release|Any CPU = Release|Any CPU
	EndGlobalSection
	GlobalSection(ProjectConfigurationPlatforms) = postSolution
		{1819D2FD-E257-A012-39FB-A580BBEC4AC9}.Debug|Any CPU.ActiveCfg = Debug|Any CPU
		{1819D2FD-E257-A012-39FB-A580BBEC4AC9}.Debug|Any CPU.Build.0 = Debug|Any CPU
		{1819D2FD-E257-A012-39FB-A580BBEC4AC9}.Release|Any CPU.ActiveCfg = Release|Any CPU
		{1819D2FD-E257-A012-39FB-A580BBEC4AC9}.Release|Any CPU.Build.0 = Release|Any CPU
	EndGlobalSection
	GlobalSection(SolutionProperties) = preSolution
		HideSolutionNode = FALSE
	EndGlobalSection
	GlobalSection(NestedProjects) = preSolution
		{CCD9FD40-A0CE-4836-A674-9EF4D4D21600} = {6FB37B83-4A79-4C77-AE0E-30B5245FBF91}
		{60806BEC-8D59-4CA0-85FC-EDF23E262230} = {6FB37B83-4A79-4C77-AE0E-30B5245FBF91}
		{DB869435-5F91-4CE2-981F-3EFC20A4A64A} = {4B9E71C4-F9DE-445A-8C8B-CB1DF2D40778}
		{EF80E76E-2A88-47B8-A28E-471A9FDDE3C3} = {CCD9FD40-A0CE-4836-A674-9EF4D4D21600}
	EndGlobalSection
	GlobalSection(ExtensibilityGlobals) = postSolution
		SolutionGuid = {BE3F2316-703F-4F14-91A0-F0E141FAA7CC}
	EndGlobalSection
EndGlobal
